{
  "version": 4,
  "terraform_version": "1.7.3",
  "serial": 1,
  "lineage": "4e18f6a3-f872-3dfd-08d9-3f2309f4bfd0",
  "outputs": {},
  "resources": [
    {
      "mode": "managed",
      "type": "aws_vpc",
      "name": "main",
      "provider": "provider[\"registry.terraform.io/hashicorp/aws\"]",
      "instances": [
        {
          "schema_version": 1,
          "attributes": {
            "arn": "arn:aws:ec2:us-east-1:091570247959:vpc/vpc-0c334271595b3f854",
            "assign_generated_ipv6_cidr_block": false,
            "cidr_block": "10.0.0.0/16",
            "default_network_acl_id": "acl-00bde360ebe7f250a",
            "default_route_table_id": "rtb-048e5036dd039280f",
            "default_security_group_id": "sg-0a21e31bd8b9b4cbd",
            "dhcp_options_id": "dopt-0ef3da9f8262dfc65",
            "enable_dns_hostnames": false,
            "enable_dns_support": true,
            "enable_network_address_usage_metrics": false,
            "id": "vpc-0c334271595b3f854",
            "instance_tenancy": "default",
            "ipv4_ipam_pool_id": null,
            "ipv4_netmask_length": null,
            "ipv6_association_id": "",
            "ipv6_cidr_block": "",
            "ipv6_cidr_block_network_border_group": "",
            "ipv6_ipam_pool_id": "",
            "ipv6_netmask_length": 0,
            "main_route_table_id": "rtb-048e5036dd039280f",
            "owner_id": "091570247959",
            "tags": {
              "Environment": "dev",
              "Name": "vprofile-vpc",
              "Project": "vprofile-project"
            },
            "tags_all": {
              "Environment": "dev",
              "Name": "vprofile-vpc",
              "Project": "vprofile-project"
            }
          },
          "sensitive_attributes": [],
          "private": "eyJzY2hlbWFfdmVyc2lvbiI6IjEifQ=="
        }
      ]
    }
  ],
  "check_results": null
}
